
Microsoft Visual Studio Solution File, Format Version 12.00
# Visual Studio Version 17
VisualStudioVersion = 17.0.31903.59
MinimumVisualStudioVersion = 10.0.40219.1
Project("{2150E333-8FDC-42A3-9474-1A3956D46DE8}") = "src", "src", "{827E0CD3-B72D-47B6-A68D-7590B98EB39B}"
EndProject
Project("{FAE04EC0-301F-11D3-BF4B-00C04F79EFBC}") = "SanlamClaims.Domain", "src\Core\Domain\SanlamClaims.Domain.csproj", "{A094C730-39B3-4E54-BD59-1D5AD90727A9}"
EndProject
Project("{FAE04EC0-301F-11D3-BF4B-00C04F79EFBC}") = "SanlamClaims.Application", "src\Core\Application\SanlamClaims.Application.csproj", "{DCAB737D-DB01-4E7A-A11B-4EF291264172}"
EndProject
Project("{FAE04EC0-301F-11D3-BF4B-00C04F79EFBC}") = "SanlamClaims.Infrastructure", "src\Infrastructure\SanlamClaims.Infrastructure.csproj", "{D3800706-E5EB-4F08-B5BB-8EB971AF93C7}"
EndProject
Project("{FAE04EC0-301F-11D3-BF4B-00C04F79EFBC}") = "SanlamClaims.API", "src\Presentation\API\SanlamClaims.API.csproj", "{72D69D6C-3EBA-429D-AD7D-7D698BE398F4}"
EndProject
Project("{2150E333-8FDC-42A3-9474-1A3956D46DE8}") = "tests", "tests", "{0AB3BF05-4346-4AA6-1389-037BE0695223}"
EndProject
Project("{FAE04EC0-301F-11D3-BF4B-00C04F79EFBC}") = "SanlamClaims.Tests.Unit", "tests\Unit\SanlamClaims.Tests.Unit.csproj", "{801BA9DC-9A75-4D9A-A641-F85D6E2B736A}"
EndProject
Global
	GlobalSection(SolutionConfigurationPlatforms) = preSolution
		Debug|Any CPU = Debug|Any CPU
		Debug|x64 = Debug|x64
		Debug|x86 = Debug|x86
		Release|Any CPU = Release|Any CPU
		Release|x64 = Release|x64
		Release|x86 = Release|x86
	EndGlobalSection
	GlobalSection(ProjectConfigurationPlatforms) = postSolution
		{A094C730-39B3-4E54-BD59-1D5AD90727A9}.Debug|Any CPU.ActiveCfg = Debug|Any CPU
		{A094C730-39B3-4E54-BD59-1D5AD90727A9}.Debug|Any CPU.Build.0 = Debug|Any CPU
		{A094C730-39B3-4E54-BD59-1D5AD90727A9}.Debug|x64.ActiveCfg = Debug|Any CPU
		{A094C730-39B3-4E54-BD59-1D5AD90727A9}.Debug|x64.Build.0 = Debug|Any CPU
		{A094C730-39B3-4E54-BD59-1D5AD90727A9}.Debug|x86.ActiveCfg = Debug|Any CPU
		{A094C730-39B3-4E54-BD59-1D5AD90727A9}.Debug|x86.Build.0 = Debug|Any CPU
		{A094C730-39B3-4E54-BD59-1D5AD90727A9}.Release|Any CPU.ActiveCfg = Release|Any CPU
		{A094C730-39B3-4E54-BD59-1D5AD90727A9}.Release|Any CPU.Build.0 = Release|Any CPU
		{A094C730-39B3-4E54-BD59-1D5AD90727A9}.Release|x64.ActiveCfg = Release|Any CPU
		{A094C730-39B3-4E54-BD59-1D5AD90727A9}.Release|x64.Build.0 = Release|Any CPU
		{A094C730-39B3-4E54-BD59-1D5AD90727A9}.Release|x86.ActiveCfg = Release|Any CPU
		{A094C730-39B3-4E54-BD59-1D5AD90727A9}.Release|x86.Build.0 = Release|Any CPU
		{DCAB737D-DB01-4E7A-A11B-4EF291264172}.Debug|Any CPU.ActiveCfg = Debug|Any CPU
		{DCAB737D-DB01-4E7A-A11B-4EF291264172}.Debug|Any CPU.Build.0 = Debug|Any CPU
		{DCAB737D-DB01-4E7A-A11B-4EF291264172}.Debug|x64.ActiveCfg = Debug|Any CPU
		{DCAB737D-DB01-4E7A-A11B-4EF291264172}.Debug|x64.Build.0 = Debug|Any CPU
		{DCAB737D-DB01-4E7A-A11B-4EF291264172}.Debug|x86.ActiveCfg = Debug|Any CPU
		{DCAB737D-DB01-4E7A-A11B-4EF291264172}.Debug|x86.Build.0 = Debug|Any CPU
		{DCAB737D-DB01-4E7A-A11B-4EF291264172}.Release|Any CPU.ActiveCfg = Release|Any CPU
		{DCAB737D-DB01-4E7A-A11B-4EF291264172}.Release|Any CPU.Build.0 = Release|Any CPU
		{DCAB737D-DB01-4E7A-A11B-4EF291264172}.Release|x64.ActiveCfg = Release|Any CPU
		{DCAB737D-DB01-4E7A-A11B-4EF291264172}.Release|x64.Build.0 = Release|Any CPU
		{DCAB737D-DB01-4E7A-A11B-4EF291264172}.Release|x86.ActiveCfg = Release|Any CPU
		{DCAB737D-DB01-4E7A-A11B-4EF291264172}.Release|x86.Build.0 = Release|Any CPU
		{D3800706-E5EB-4F08-B5BB-8EB971AF93C7}.Debug|Any CPU.ActiveCfg = Debug|Any CPU
		{D3800706-E5EB-4F08-B5BB-8EB971AF93C7}.Debug|Any CPU.Build.0 = Debug|Any CPU
		{D3800706-E5EB-4F08-B5BB-8EB971AF93C7}.Debug|x64.ActiveCfg = Debug|Any CPU
		{D3800706-E5EB-4F08-B5BB-8EB971AF93C7}.Debug|x64.Build.0 = Debug|Any CPU
		{D3800706-E5EB-4F08-B5BB-8EB971AF93C7}.Debug|x86.ActiveCfg = Debug|Any CPU
		{D3800706-E5EB-4F08-B5BB-8EB971AF93C7}.Debug|x86.Build.0 = Debug|Any CPU
		{D3800706-E5EB-4F08-B5BB-8EB971AF93C7}.Release|Any CPU.ActiveCfg = Release|Any CPU
		{D3800706-E5EB-4F08-B5BB-8EB971AF93C7}.Release|Any CPU.Build.0 = Release|Any CPU
		{D3800706-E5EB-4F08-B5BB-8EB971AF93C7}.Release|x64.ActiveCfg = Release|Any CPU
		{D3800706-E5EB-4F08-B5BB-8EB971AF93C7}.Release|x64.Build.0 = Release|Any CPU
		{D3800706-E5EB-4F08-B5BB-8EB971AF93C7}.Release|x86.ActiveCfg = Release|Any CPU
		{D3800706-E5EB-4F08-B5BB-8EB971AF93C7}.Release|x86.Build.0 = Release|Any CPU
		{72D69D6C-3EBA-429D-AD7D-7D698BE398F4}.Debug|Any CPU.ActiveCfg = Debug|Any CPU
		{72D69D6C-3EBA-429D-AD7D-7D698BE398F4}.Debug|Any CPU.Build.0 = Debug|Any CPU
		{72D69D6C-3EBA-429D-AD7D-7D698BE398F4}.Debug|x64.ActiveCfg = Debug|Any CPU
		{72D69D6C-3EBA-429D-AD7D-7D698BE398F4}.Debug|x64.Build.0 = Debug|Any CPU
		{72D69D6C-3EBA-429D-AD7D-7D698BE398F4}.Debug|x86.ActiveCfg = Debug|Any CPU
		{72D69D6C-3EBA-429D-AD7D-7D698BE398F4}.Debug|x86.Build.0 = Debug|Any CPU
		{72D69D6C-3EBA-429D-AD7D-7D698BE398F4}.Release|Any CPU.ActiveCfg = Release|Any CPU
		{72D69D6C-3EBA-429D-AD7D-7D698BE398F4}.Release|Any CPU.Build.0 = Release|Any CPU
		{72D69D6C-3EBA-429D-AD7D-7D698BE398F4}.Release|x64.ActiveCfg = Release|Any CPU
		{72D69D6C-3EBA-429D-AD7D-7D698BE398F4}.Release|x64.Build.0 = Release|Any CPU
		{72D69D6C-3EBA-429D-AD7D-7D698BE398F4}.Release|x86.ActiveCfg = Release|Any CPU
		{72D69D6C-3EBA-429D-AD7D-7D698BE398F4}.Release|x86.Build.0 = Release|Any CPU
		{801BA9DC-9A75-4D9A-A641-F85D6E2B736A}.Debug|Any CPU.ActiveCfg = Debug|Any CPU
		{801BA9DC-9A75-4D9A-A641-F85D6E2B736A}.Debug|Any CPU.Build.0 = Debug|Any CPU
		{801BA9DC-9A75-4D9A-A641-F85D6E2B736A}.Debug|x64.ActiveCfg = Debug|Any CPU
		{801BA9DC-9A75-4D9A-A641-F85D6E2B736A}.Debug|x64.Build.0 = Debug|Any CPU
		{801BA9DC-9A75-4D9A-A641-F85D6E2B736A}.Debug|x86.ActiveCfg = Debug|Any CPU
		{801BA9DC-9A75-4D9A-A641-F85D6E2B736A}.Debug|x86.Build.0 = Debug|Any CPU
		{801BA9DC-9A75-4D9A-A641-F85D6E2B736A}.Release|Any CPU.ActiveCfg = Release|Any CPU
		{801BA9DC-9A75-4D9A-A641-F85D6E2B736A}.Release|Any CPU.Build.0 = Release|Any CPU
		{801BA9DC-9A75-4D9A-A641-F85D6E2B736A}.Release|x64.ActiveCfg = Release|Any CPU
		{801BA9DC-9A75-4D9A-A641-F85D6E2B736A}.Release|x64.Build.0 = Release|Any CPU
		{801BA9DC-9A75-4D9A-A641-F85D6E2B736A}.Release|x86.ActiveCfg = Release|Any CPU
		{801BA9DC-9A75-4D9A-A641-F85D6E2B736A}.Release|x86.Build.0 = Release|Any CPU
	EndGlobalSection
	GlobalSection(SolutionProperties) = preSolution
		HideSolutionNode = FALSE
	EndGlobalSection
	GlobalSection(NestedProjects) = preSolution
		{A094C730-39B3-4E54-BD59-1D5AD90727A9} = {827E0CD3-B72D-47B6-A68D-7590B98EB39B}
		{DCAB737D-DB01-4E7A-A11B-4EF291264172} = {827E0CD3-B72D-47B6-A68D-7590B98EB39B}
		{D3800706-E5EB-4F08-B5BB-8EB971AF93C7} = {827E0CD3-B72D-47B6-A68D-7590B98EB39B}
		{72D69D6C-3EBA-429D-AD7D-7D698BE398F4} = {827E0CD3-B72D-47B6-A68D-7590B98EB39B}
		{801BA9DC-9A75-4D9A-A641-F85D6E2B736A} = {0AB3BF05-4346-4AA6-1389-037BE0695223}
	EndGlobalSection
EndGlobal
